
Microsoft Visual Studio Solution File, Format Version 12.00
# Visual Studio Version 17
VisualStudioVersion = 17.14.36518.9
MinimumVisualStudioVersion = 10.0.40219.1
Project("{FAE04EC0-301F-11D3-BF4B-00C04F79EFBC}") = "Dragon Hatchery", "..\Dragon Hatchery\Dragon Hatchery\Dragon Hatchery.csproj", "{9EDBC896-276E-4CB5-9791-16EC6EC65893}"
EndProject
Global
	GlobalSection(SolutionConfigurationPlatforms) = preSolution
		Debug|Any CPU = Debug|Any CPU
		Release|Any CPU = Release|Any CPU
	EndGlobalSection
	GlobalSection(ProjectConfigurationPlatforms) = postSolution
		{9EDBC896-276E-4CB5-9791-16EC6EC65893}.Debug|Any CPU.ActiveCfg = Debug|Any CPU
		{9EDBC896-276E-4CB5-9791-16EC6EC65893}.Debug|Any CPU.Build.0 = Debug|Any CPU
		{9EDBC896-276E-4CB5-9791-16EC6EC65893}.Release|Any CPU.ActiveCfg = Release|Any CPU
		{9EDBC896-276E-4CB5-9791-16EC6EC65893}.Release|Any CPU.Build.0 = Release|Any CPU
	EndGlobalSection
	GlobalSection(SolutionProperties) = preSolution
		HideSolutionNode = FALSE
	EndGlobalSection
	GlobalSection(ExtensibilityGlobals) = postSolution
		SolutionGuid = {F0AABD4E-30B8-40BF-83C7-A3FDBB8969DC}
	EndGlobalSection
EndGlobal
